
Microsoft Visual Studio Solution File, Format Version 11.00
# Visual Studio 2010
Project("{FAE04EC0-301F-11D3-BF4B-00C04F79EFBC}") = "TCC_EXT", "TCC_EXT\TCC_EXT.csproj", "{64A109BD-87E6-4710-96EB-C29BD39DB300}"
EndProject
Project("{FAE04EC0-301F-11D3-BF4B-00C04F79EFBC}") = "Core", "Core\Core.csproj", "{335591AE-30A7-481F-8A66-774B5E22491C}"
EndProject
Project("{FAE04EC0-301F-11D3-BF4B-00C04F79EFBC}") = "MathematicaTest", "MathematicaTest\MathematicaTest.csproj", "{04E21F34-E7F1-404A-8CB9-600673CC8ADD}"
EndProject
Global
	GlobalSection(SolutionConfigurationPlatforms) = preSolution
		Debug|Any CPU = Debug|Any CPU
		Debug|Mixed Platforms = Debug|Mixed Platforms
		Debug|x86 = Debug|x86
		Release|Any CPU = Release|Any CPU
		Release|Mixed Platforms = Release|Mixed Platforms
		Release|x86 = Release|x86
	EndGlobalSection
	GlobalSection(ProjectConfigurationPlatforms) = postSolution
		{64A109BD-87E6-4710-96EB-C29BD39DB300}.Debug|Any CPU.ActiveCfg = Debug|Any CPU
		{64A109BD-87E6-4710-96EB-C29BD39DB300}.Debug|Any CPU.Build.0 = Debug|Any CPU
		{64A109BD-87E6-4710-96EB-C29BD39DB300}.Debug|Mixed Platforms.ActiveCfg = Debug|Any CPU
		{64A109BD-87E6-4710-96EB-C29BD39DB300}.Debug|Mixed Platforms.Build.0 = Debug|Any CPU
		{64A109BD-87E6-4710-96EB-C29BD39DB300}.Debug|x86.ActiveCfg = Debug|Any CPU
		{64A109BD-87E6-4710-96EB-C29BD39DB300}.Release|Any CPU.ActiveCfg = Release|Any CPU
		{64A109BD-87E6-4710-96EB-C29BD39DB300}.Release|Any CPU.Build.0 = Release|Any CPU
		{64A109BD-87E6-4710-96EB-C29BD39DB300}.Release|Mixed Platforms.ActiveCfg = Release|Any CPU
		{64A109BD-87E6-4710-96EB-C29BD39DB300}.Release|Mixed Platforms.Build.0 = Release|Any CPU
		{64A109BD-87E6-4710-96EB-C29BD39DB300}.Release|x86.ActiveCfg = Release|Any CPU
		{335591AE-30A7-481F-8A66-774B5E22491C}.Debug|Any CPU.ActiveCfg = Debug|Any CPU
		{335591AE-30A7-481F-8A66-774B5E22491C}.Debug|Any CPU.Build.0 = Debug|Any CPU
		{335591AE-30A7-481F-8A66-774B5E22491C}.Debug|Mixed Platforms.ActiveCfg = Debug|Any CPU
		{335591AE-30A7-481F-8A66-774B5E22491C}.Debug|Mixed Platforms.Build.0 = Debug|Any CPU
		{335591AE-30A7-481F-8A66-774B5E22491C}.Debug|x86.ActiveCfg = Debug|Any CPU
		{335591AE-30A7-481F-8A66-774B5E22491C}.Release|Any CPU.ActiveCfg = Release|Any CPU
		{335591AE-30A7-481F-8A66-774B5E22491C}.Release|Any CPU.Build.0 = Release|Any CPU
		{335591AE-30A7-481F-8A66-774B5E22491C}.Release|Mixed Platforms.ActiveCfg = Release|Any CPU
		{335591AE-30A7-481F-8A66-774B5E22491C}.Release|Mixed Platforms.Build.0 = Release|Any CPU
		{335591AE-30A7-481F-8A66-774B5E22491C}.Release|x86.ActiveCfg = Release|Any CPU
		{04E21F34-E7F1-404A-8CB9-600673CC8ADD}.Debug|Any CPU.ActiveCfg = Debug|x86
		{04E21F34-E7F1-404A-8CB9-600673CC8ADD}.Debug|Mixed Platforms.ActiveCfg = Debug|x86
		{04E21F34-E7F1-404A-8CB9-600673CC8ADD}.Debug|Mixed Platforms.Build.0 = Debug|x86
		{04E21F34-E7F1-404A-8CB9-600673CC8ADD}.Debug|x86.ActiveCfg = Debug|x86
		{04E21F34-E7F1-404A-8CB9-600673CC8ADD}.Debug|x86.Build.0 = Debug|x86
		{04E21F34-E7F1-404A-8CB9-600673CC8ADD}.Release|Any CPU.ActiveCfg = Release|x86
		{04E21F34-E7F1-404A-8CB9-600673CC8ADD}.Release|Mixed Platforms.ActiveCfg = Release|x86
		{04E21F34-E7F1-404A-8CB9-600673CC8ADD}.Release|Mixed Platforms.Build.0 = Release|x86
		{04E21F34-E7F1-404A-8CB9-600673CC8ADD}.Release|x86.ActiveCfg = Release|x86
		{04E21F34-E7F1-404A-8CB9-600673CC8ADD}.Release|x86.Build.0 = Release|x86
	EndGlobalSection
	GlobalSection(SolutionProperties) = preSolution
		HideSolutionNode = FALSE
	EndGlobalSection
EndGlobal
